
Microsoft Visual Studio Solution File, Format Version 12.00
# Visual Studio Version 16
VisualStudioVersion = 16.0.29905.134
MinimumVisualStudioVersion = 10.0.40219.1
Project("{FAE04EC0-301F-11D3-BF4B-00C04F79EFBC}") = "TSiSA Lab1", "TSiSA Lab1.csproj", "{8DC185BE-0F10-487C-BDA2-4B6385EDFEAF}"
EndProject
Global
	GlobalSection(SolutionConfigurationPlatforms) = preSolution
		Debug|Any CPU = Debug|Any CPU
		Release|Any CPU = Release|Any CPU
	EndGlobalSection
	GlobalSection(ProjectConfigurationPlatforms) = postSolution
		{8DC185BE-0F10-487C-BDA2-4B6385EDFEAF}.Debug|Any CPU.ActiveCfg = Debug|Any CPU
		{8DC185BE-0F10-487C-BDA2-4B6385EDFEAF}.Debug|Any CPU.Build.0 = Debug|Any CPU
		{8DC185BE-0F10-487C-BDA2-4B6385EDFEAF}.Release|Any CPU.ActiveCfg = Release|Any CPU
		{8DC185BE-0F10-487C-BDA2-4B6385EDFEAF}.Release|Any CPU.Build.0 = Release|Any CPU
	EndGlobalSection
	GlobalSection(SolutionProperties) = preSolution
		HideSolutionNode = FALSE
	EndGlobalSection
	GlobalSection(ExtensibilityGlobals) = postSolution
		SolutionGuid = {13842403-0379-4952-8944-DD3CFC0D2A79}
	EndGlobalSection
EndGlobal
